
Microsoft Visual Studio Solution File, Format Version 12.00
# Visual Studio Version 17
VisualStudioVersion = 17.7.34024.191
MinimumVisualStudioVersion = 10.0.40219.1
Project("{FAE04EC0-301F-11D3-BF4B-00C04F79EFBC}") = "KissanCafeApiWeb", "KissanCafeApiWeb.csproj", "{665ABDF1-5CA2-4874-AF92-36E8ABAE6776}"
EndProject
Global
	GlobalSection(SolutionConfigurationPlatforms) = preSolution
		Debug|Any CPU = Debug|Any CPU
		Release|Any CPU = Release|Any CPU
	EndGlobalSection
	GlobalSection(ProjectConfigurationPlatforms) = postSolution
		{665ABDF1-5CA2-4874-AF92-36E8ABAE6776}.Debug|Any CPU.ActiveCfg = Debug|Any CPU
		{665ABDF1-5CA2-4874-AF92-36E8ABAE6776}.Debug|Any CPU.Build.0 = Debug|Any CPU
		{665ABDF1-5CA2-4874-AF92-36E8ABAE6776}.Release|Any CPU.ActiveCfg = Release|Any CPU
		{665ABDF1-5CA2-4874-AF92-36E8ABAE6776}.Release|Any CPU.Build.0 = Release|Any CPU
	EndGlobalSection
	GlobalSection(SolutionProperties) = preSolution
		HideSolutionNode = FALSE
	EndGlobalSection
	GlobalSection(ExtensibilityGlobals) = postSolution
		SolutionGuid = {23DD94AF-7BF6-4628-9A88-1868E67B4676}
	EndGlobalSection
EndGlobal
